// !$*UTF8*$!
{
	archiveVersion = 1;
	classes = {
	};
	objectVersion = 56;
	objects = {

/* Begin PBXBuildFile section */
		AFB290E929D92523004C66D7 /* Assets.xcassets in Resources */ = {isa = PBXBuildFile; fileRef = AFB290E429D92523004C66D7 /* Assets.xcassets */; };
		AFB290EA29D92523004C66D7 /* LaunchScreen.storyboard in Resources */ = {isa = PBXBuildFile; fileRef = AFB290E529D92523004C66D7 /* LaunchScreen.storyboard */; };
		AFB290EB29D92523004C66D7 /* Main.storyboard in Resources */ = {isa = PBXBuildFile; fileRef = AFB290E729D92523004C66D7 /* Main.storyboard */; };
		AFB290F429D92535004C66D7 /* RankingViewController.swift in Sources */ = {isa = PBXBuildFile; fileRef = AFB290EF29D92535004C66D7 /* RankingViewController.swift */; };
		AFB290F529D92535004C66D7 /* AppDelegate.swift in Sources */ = {isa = PBXBuildFile; fileRef = AFB290F129D92535004C66D7 /* AppDelegate.swift */; };
		AFB290F629D92535004C66D7 /* SceneDelegate.swift in Sources */ = {isa = PBXBuildFile; fileRef = AFB290F229D92535004C66D7 /* SceneDelegate.swift */; };
		AFB290FE29D92575004C66D7 /* BucketSelection.swift in Sources */ = {isa = PBXBuildFile; fileRef = AFB290FD29D92575004C66D7 /* BucketSelection.swift */; };
		AFB2910029D92593004C66D7 /* Gambler.swift in Sources */ = {isa = PBXBuildFile; fileRef = AFB290FF29D92593004C66D7 /* Gambler.swift */; };
		AFB2910229D925A8004C66D7 /* DataGenerator.swift in Sources */ = {isa = PBXBuildFile; fileRef = AFB2910129D925A8004C66D7 /* DataGenerator.swift */; };
		AFB2910429D925C1004C66D7 /* Prode.swift in Sources */ = {isa = PBXBuildFile; fileRef = AFB2910329D925C1004C66D7 /* Prode.swift */; };
		AFB2910629DA2D97004C66D7 /* ProdeViewController.swift in Sources */ = {isa = PBXBuildFile; fileRef = AFB2910529DA2D97004C66D7 /* ProdeViewController.swift */; };
		AFB2910829DA33F9004C66D7 /* CreateGamblerViewController.swift in Sources */ = {isa = PBXBuildFile; fileRef = AFB2910729DA33F9004C66D7 /* CreateGamblerViewController.swift */; };
		AFB2910A29DA3C7C004C66D7 /* BucketSelectionViewController.swift in Sources */ = {isa = PBXBuildFile; fileRef = AFB2910929DA3C7C004C66D7 /* BucketSelectionViewController.swift */; };
		AFB2910C29DA427E004C66D7 /* DetailGamblerViewController.swift in Sources */ = {isa = PBXBuildFile; fileRef = AFB2910B29DA427E004C66D7 /* DetailGamblerViewController.swift */; };
/* End PBXBuildFile section */

/* Begin PBXFileReference section */
		AFB290CA29D90EE5004C66D7 /* ProdeGolf.app */ = {isa = PBXFileReference; explicitFileType = wrapper.application; includeInIndex = 0; path = ProdeGolf.app; sourceTree = BUILT_PRODUCTS_DIR; };
		AFB290DB29D90EE5004C66D7 /* Info.plist */ = {isa = PBXFileReference; lastKnownFileType = text.plist.xml; path = Info.plist; sourceTree = "<group>"; };
		AFB290E429D92523004C66D7 /* Assets.xcassets */ = {isa = PBXFileReference; lastKnownFileType = folder.assetcatalog; path = Assets.xcassets; sourceTree = "<group>"; };
		AFB290E629D92523004C66D7 /* Base */ = {isa = PBXFileReference; lastKnownFileType = file.storyboard; name = Base; path = Base.lproj/LaunchScreen.storyboard; sourceTree = "<group>"; };
		AFB290E829D92523004C66D7 /* Base */ = {isa = PBXFileReference; lastKnownFileType = file.storyboard; name = Base; path = Base.lproj/Main.storyboard; sourceTree = "<group>"; };
		AFB290EF29D92535004C66D7 /* RankingViewController.swift */ = {isa = PBXFileReference; fileEncoding = 4; lastKnownFileType = sourcecode.swift; path = RankingViewController.swift; sourceTree = "<group>"; };
		AFB290F129D92535004C66D7 /* AppDelegate.swift */ = {isa = PBXFileReference; fileEncoding = 4; lastKnownFileType = sourcecode.swift; path = AppDelegate.swift; sourceTree = "<group>"; };
		AFB290F229D92535004C66D7 /* SceneDelegate.swift */ = {isa = PBXFileReference; fileEncoding = 4; lastKnownFileType = sourcecode.swift; path = SceneDelegate.swift; sourceTree = "<group>"; };
		AFB290FD29D92575004C66D7 /* BucketSelection.swift */ = {isa = PBXFileReference; lastKnownFileType = sourcecode.swift; path = BucketSelection.swift; sourceTree = "<group>"; };
		AFB290FF29D92593004C66D7 /* Gambler.swift */ = {isa = PBXFileReference; fileEncoding = 4; lastKnownFileType = sourcecode.swift; path = Gambler.swift; sourceTree = "<group>"; };
		AFB2910129D925A8004C66D7 /* DataGenerator.swift */ = {isa = PBXFileReference; lastKnownFileType = sourcecode.swift; path = DataGenerator.swift; sourceTree = "<group>"; };
		AFB2910329D925C1004C66D7 /* Prode.swift */ = {isa = PBXFileReference; lastKnownFileType = sourcecode.swift; path = Prode.swift; sourceTree = "<group>"; };
		AFB2910529DA2D97004C66D7 /* ProdeViewController.swift */ = {isa = PBXFileReference; lastKnownFileType = sourcecode.swift; path = ProdeViewController.swift; sourceTree = "<group>"; };
		AFB2910729DA33F9004C66D7 /* CreateGamblerViewController.swift */ = {isa = PBXFileReference; lastKnownFileType = sourcecode.swift; path = CreateGamblerViewController.swift; sourceTree = "<group>"; };
		AFB2910929DA3C7C004C66D7 /* BucketSelectionViewController.swift */ = {isa = PBXFileReference; lastKnownFileType = sourcecode.swift; path = BucketSelectionViewController.swift; sourceTree = "<group>"; };
		AFB2910B29DA427E004C66D7 /* DetailGamblerViewController.swift */ = {isa = PBXFileReference; lastKnownFileType = sourcecode.swift; path = DetailGamblerViewController.swift; sourceTree = "<group>"; };
/* End PBXFileReference section */

/* Begin PBXFrameworksBuildPhase section */
		AFB290C729D90EE5004C66D7 /* Frameworks */ = {
			isa = PBXFrameworksBuildPhase;
			buildActionMask = 2147483647;
			files = (
			);
			runOnlyForDeploymentPostprocessing = 0;
		};
/* End PBXFrameworksBuildPhase section */

/* Begin PBXGroup section */
		AFB290C129D90EE4004C66D7 = {
			isa = PBXGroup;
			children = (
				AFB290CC29D90EE5004C66D7 /* ProdeGolf */,
				AFB290CB29D90EE5004C66D7 /* Products */,
			);
			sourceTree = "<group>";
		};
		AFB290CB29D90EE5004C66D7 /* Products */ = {
			isa = PBXGroup;
			children = (
				AFB290CA29D90EE5004C66D7 /* ProdeGolf.app */,
			);
			name = Products;
			sourceTree = "<group>";
		};
		AFB290CC29D90EE5004C66D7 /* ProdeGolf */ = {
			isa = PBXGroup;
			children = (
				AFB290DB29D90EE5004C66D7 /* Info.plist */,
				AFB290EC29D92535004C66D7 /* Classes */,
				AFB290E329D92523004C66D7 /* Resources */,
			);
			path = ProdeGolf;
			sourceTree = "<group>";
		};
		AFB290E329D92523004C66D7 /* Resources */ = {
			isa = PBXGroup;
			children = (
				AFB290E429D92523004C66D7 /* Assets.xcassets */,
				AFB290E529D92523004C66D7 /* LaunchScreen.storyboard */,
				AFB290E729D92523004C66D7 /* Main.storyboard */,
			);
			path = Resources;
			sourceTree = "<group>";
		};
		AFB290EC29D92535004C66D7 /* Classes */ = {
			isa = PBXGroup;
			children = (
				AFB2910329D925C1004C66D7 /* Prode.swift */,
				AFB290F029D92535004C66D7 /* AppDelegate */,
				AFB290F829D9254F004C66D7 /* Helpers */,
				AFB290F729D9254F004C66D7 /* Models */,
				AFB290EE29D92535004C66D7 /* ViewControllers */,
			);
			path = Classes;
			sourceTree = "<group>";
		};
		AFB290EE29D92535004C66D7 /* ViewControllers */ = {
			isa = PBXGroup;
			children = (
				AFB290EF29D92535004C66D7 /* RankingViewController.swift */,
				AFB2910529DA2D97004C66D7 /* ProdeViewController.swift */,
				AFB2910729DA33F9004C66D7 /* CreateGamblerViewController.swift */,
				AFB2910929DA3C7C004C66D7 /* BucketSelectionViewController.swift */,
				AFB2910B29DA427E004C66D7 /* DetailGamblerViewController.swift */,
			);
			path = ViewControllers;
			sourceTree = "<group>";
		};
		AFB290F029D92535004C66D7 /* AppDelegate */ = {
			isa = PBXGroup;
			children = (
				AFB290F129D92535004C66D7 /* AppDelegate.swift */,
				AFB290F229D92535004C66D7 /* SceneDelegate.swift */,
			);
			path = AppDelegate;
			sourceTree = "<group>";
		};
		AFB290F729D9254F004C66D7 /* Models */ = {
			isa = PBXGroup;
			children = (
				AFB290FF29D92593004C66D7 /* Gambler.swift */,
				AFB290FD29D92575004C66D7 /* BucketSelection.swift */,
			);
			path = Models;
			sourceTree = "<group>";
		};
		AFB290F829D9254F004C66D7 /* Helpers */ = {
			isa = PBXGroup;
			children = (
				AFB2910129D925A8004C66D7 /* DataGenerator.swift */,
			);
			path = Helpers;
			sourceTree = "<group>";
		};
/* End PBXGroup section */

/* Begin PBXNativeTarget section */
		AFB290C929D90EE5004C66D7 /* ProdeGolf */ = {
			isa = PBXNativeTarget;
			buildConfigurationList = AFB290DE29D90EE5004C66D7 /* Build configuration list for PBXNativeTarget "ProdeGolf" */;
			buildPhases = (
				AFB290C629D90EE5004C66D7 /* Sources */,
				AFB290C729D90EE5004C66D7 /* Frameworks */,
				AFB290C829D90EE5004C66D7 /* Resources */,
			);
			buildRules = (
			);
			dependencies = (
			);
			name = ProdeGolf;
			productName = ProdeGolf;
			productReference = AFB290CA29D90EE5004C66D7 /* ProdeGolf.app */;
			productType = "com.apple.product-type.application";
		};
/* End PBXNativeTarget section */

/* Begin PBXProject section */
		AFB290C229D90EE4004C66D7 /* Project object */ = {
			isa = PBXProject;
			attributes = {
				BuildIndependentTargetsInParallel = 1;
				LastSwiftUpdateCheck = 1420;
				LastUpgradeCheck = 1420;
				TargetAttributes = {
					AFB290C929D90EE5004C66D7 = {
						CreatedOnToolsVersion = 14.2;
					};
				};
			};
			buildConfigurationList = AFB290C529D90EE4004C66D7 /* Build configuration list for PBXProject "ProdeGolf" */;
			compatibilityVersion = "Xcode 14.0";
			developmentRegion = en;
			hasScannedForEncodings = 0;
			knownRegions = (
				en,
				Base,
			);
			mainGroup = AFB290C129D90EE4004C66D7;
			productRefGroup = AFB290CB29D90EE5004C66D7 /* Products */;
			projectDirPath = "";
			projectRoot = "";
			targets = (
				AFB290C929D90EE5004C66D7 /* ProdeGolf */,
			);
		};
/* End PBXProject section */

/* Begin PBXResourcesBuildPhase section */
		AFB290C829D90EE5004C66D7 /* Resources */ = {
			isa = PBXResourcesBuildPhase;
			buildActionMask = 2147483647;
			files = (
				AFB290EB29D92523004C66D7 /* Main.storyboard in Resources */,
				AFB290E929D92523004C66D7 /* Assets.xcassets in Resources */,
				AFB290EA29D92523004C66D7 /* LaunchScreen.storyboard in Resources */,
			);
			runOnlyForDeploymentPostprocessing = 0;
		};
/* End PBXResourcesBuildPhase section */

/* Begin PBXSourcesBuildPhase section */
		AFB290C629D90EE5004C66D7 /* Sources */ = {
			isa = PBXSourcesBuildPhase;
			buildActionMask = 2147483647;
			files = (
				AFB2910429D925C1004C66D7 /* Prode.swift in Sources */,
				AFB2910029D92593004C66D7 /* Gambler.swift in Sources */,
				AFB290F529D92535004C66D7 /* AppDelegate.swift in Sources */,
				AFB2910A29DA3C7C004C66D7 /* BucketSelectionViewController.swift in Sources */,
				AFB290FE29D92575004C66D7 /* BucketSelection.swift in Sources */,
				AFB2910829DA33F9004C66D7 /* CreateGamblerViewController.swift in Sources */,
				AFB290F429D92535004C66D7 /* RankingViewController.swift in Sources */,
				AFB2910629DA2D97004C66D7 /* ProdeViewController.swift in Sources */,
				AFB2910229D925A8004C66D7 /* DataGenerator.swift in Sources */,
				AFB2910C29DA427E004C66D7 /* DetailGamblerViewController.swift in Sources */,
				AFB290F629D92535004C66D7 /* SceneDelegate.swift in Sources */,
			);
			runOnlyForDeploymentPostprocessing = 0;
		};
/* End PBXSourcesBuildPhase section */

/* Begin PBXVariantGroup section */
		AFB290E529D92523004C66D7 /* LaunchScreen.storyboard */ = {
			isa = PBXVariantGroup;
			children = (
				AFB290E629D92523004C66D7 /* Base */,
			);
			name = LaunchScreen.storyboard;
			sourceTree = "<group>";
		};
		AFB290E729D92523004C66D7 /* Main.storyboard */ = {
			isa = PBXVariantGroup;
			children = (
				AFB290E829D92523004C66D7 /* Base */,
			);
			name = Main.storyboard;
			sourceTree = "<group>";
		};
/* End PBXVariantGroup section */

/* Begin XCBuildConfiguration section */
		AFB290DC29D90EE5004C66D7 /* Debug */ = {
			isa = XCBuildConfiguration;
			buildSettings = {
				ALWAYS_SEARCH_USER_PATHS = NO;
				CLANG_ANALYZER_NONNULL = YES;
				CLANG_ANALYZER_NUMBER_OBJECT_CONVERSION = YES_AGGRESSIVE;
				CLANG_CXX_LANGUAGE_STANDARD = "gnu++20";
				CLANG_ENABLE_MODULES = YES;
				CLANG_ENABLE_OBJC_ARC = YES;
				CLANG_ENABLE_OBJC_WEAK = YES;
				CLANG_WARN_BLOCK_CAPTURE_AUTORELEASING = YES;
				CLANG_WARN_BOOL_CONVERSION = YES;
				CLANG_WARN_COMMA = YES;
				CLANG_WARN_CONSTANT_CONVERSION = YES;
				CLANG_WARN_DEPRECATED_OBJC_IMPLEMENTATIONS = YES;
				CLANG_WARN_DIRECT_OBJC_ISA_USAGE = YES_ERROR;
				CLANG_WARN_DOCUMENTATION_COMMENTS = YES;
				CLANG_WARN_EMPTY_BODY = YES;
				CLANG_WARN_ENUM_CONVERSION = YES;
				CLANG_WARN_INFINITE_RECURSION = YES;
				CLANG_WARN_INT_CONVERSION = YES;
				CLANG_WARN_NON_LITERAL_NULL_CONVERSION = YES;
				CLANG_WARN_OBJC_IMPLICIT_RETAIN_SELF = YES;
				CLANG_WARN_OBJC_LITERAL_CONVERSION = YES;
				CLANG_WARN_OBJC_ROOT_CLASS = YES_ERROR;
				CLANG_WARN_QUOTED_INCLUDE_IN_FRAMEWORK_HEADER = YES;
				CLANG_WARN_RANGE_LOOP_ANALYSIS = YES;
				CLANG_WARN_STRICT_PROTOTYPES = YES;
				CLANG_WARN_SUSPICIOUS_MOVE = YES;
				CLANG_WARN_UNGUARDED_AVAILABILITY = YES_AGGRESSIVE;
				CLANG_WARN_UNREACHABLE_CODE = YES;
				CLANG_WARN__DUPLICATE_METHOD_MATCH = YES;
				COPY_PHASE_STRIP = NO;
				DEBUG_INFORMATION_FORMAT = dwarf;
				ENABLE_STRICT_OBJC_MSGSEND = YES;
				ENABLE_TESTABILITY = YES;
				GCC_C_LANGUAGE_STANDARD = gnu11;
				GCC_DYNAMIC_NO_PIC = NO;
				GCC_NO_COMMON_BLOCKS = YES;
				GCC_OPTIMIZATION_LEVEL = 0;
				GCC_PREPROCESSOR_DEFINITIONS = (
					"DEBUG=1",
					"$(inherited)",
				);
				GCC_WARN_64_TO_32_BIT_CONVERSION = YES;
				GCC_WARN_ABOUT_RETURN_TYPE = YES_ERROR;
				GCC_WARN_UNDECLARED_SELECTOR = YES;
				GCC_WARN_UNINITIALIZED_AUTOS = YES_AGGRESSIVE;
				GCC_WARN_UNUSED_FUNCTION = YES;
				GCC_WARN_UNUSED_VARIABLE = YES;
				IPHONEOS_DEPLOYMENT_TARGET = 16.2;
				MTL_ENABLE_DEBUG_INFO = INCLUDE_SOURCE;
				MTL_FAST_MATH = YES;
				ONLY_ACTIVE_ARCH = YES;
				SDKROOT = iphoneos;
				SWIFT_ACTIVE_COMPILATION_CONDITIONS = DEBUG;
				SWIFT_OPTIMIZATION_LEVEL = "-Onone";
			};
			name = Debug;
		};
		AFB290DD29D90EE5004C66D7 /* Release */ = {
			isa = XCBuildConfiguration;
			buildSettings = {
				ALWAYS_SEARCH_USER_PATHS = NO;
				CLANG_ANALYZER_NONNULL = YES;
				CLANG_ANALYZER_NUMBER_OBJECT_CONVERSION = YES_AGGRESSIVE;
				CLANG_CXX_LANGUAGE_STANDARD = "gnu++20";
				CLANG_ENABLE_MODULES = YES;
				CLANG_ENABLE_OBJC_ARC = YES;
				CLANG_ENABLE_OBJC_WEAK = YES;
				CLANG_WARN_BLOCK_CAPTURE_AUTORELEASING = YES;
				CLANG_WARN_BOOL_CONVERSION = YES;
				CLANG_WARN_COMMA = YES;
				CLANG_WARN_CONSTANT_CONVERSION = YES;
				CLANG_WARN_DEPRECATED_OBJC_IMPLEMENTATIONS = YES;
				CLANG_WARN_DIRECT_OBJC_ISA_USAGE = YES_ERROR;
				CLANG_WARN_DOCUMENTATION_COMMENTS = YES;
				CLANG_WARN_EMPTY_BODY = YES;
				CLANG_WARN_ENUM_CONVERSION = YES;
				CLANG_WARN_INFINITE_RECURSION = YES;
				CLANG_WARN_INT_CONVERSION = YES;
				CLANG_WARN_NON_LITERAL_NULL_CONVERSION = YES;
				CLANG_WARN_OBJC_IMPLICIT_RETAIN_SELF = YES;
				CLANG_WARN_OBJC_LITERAL_CONVERSION = YES;
				CLANG_WARN_OBJC_ROOT_CLASS = YES_ERROR;
				CLANG_WARN_QUOTED_INCLUDE_IN_FRAMEWORK_HEADER = YES;
				CLANG_WARN_RANGE_LOOP_ANALYSIS = YES;
				CLANG_WARN_STRICT_PROTOTYPES = YES;
				CLANG_WARN_SUSPICIOUS_MOVE = YES;
				CLANG_WARN_UNGUARDED_AVAILABILITY = YES_AGGRESSIVE;
				CLANG_WARN_UNREACHABLE_CODE = YES;
				CLANG_WARN__DUPLICATE_METHOD_MATCH = YES;
				COPY_PHASE_STRIP = NO;
				DEBUG_INFORMATION_FORMAT = "dwarf-with-dsym";
				ENABLE_NS_ASSERTIONS = NO;
				ENABLE_STRICT_OBJC_MSGSEND = YES;
				GCC_C_LANGUAGE_STANDARD = gnu11;
				GCC_NO_COMMON_BLOCKS = YES;
				GCC_WARN_64_TO_32_BIT_CONVERSION = YES;
				GCC_WARN_ABOUT_RETURN_TYPE = YES_ERROR;
				GCC_WARN_UNDECLARED_SELECTOR = YES;
				GCC_WARN_UNINITIALIZED_AUTOS = YES_AGGRESSIVE;
				GCC_WARN_UNUSED_FUNCTION = YES;
				GCC_WARN_UNUSED_VARIABLE = YES;
				IPHONEOS_DEPLOYMENT_TARGET = 16.2;
				MTL_ENABLE_DEBUG_INFO = NO;
				MTL_FAST_MATH = YES;
				SDKROOT = iphoneos;
				SWIFT_COMPILATION_MODE = wholemodule;
				SWIFT_OPTIMIZATION_LEVEL = "-O";
				VALIDATE_PRODUCT = YES;
			};
			name = Release;
		};
		AFB290DF29D90EE5004C66D7 /* Debug */ = {
			isa = XCBuildConfiguration;
			buildSettings = {
				ASSETCATALOG_COMPILER_APPICON_NAME = AppIcon;
				ASSETCATALOG_COMPILER_GLOBAL_ACCENT_COLOR_NAME = AccentColor;
				CODE_SIGN_STYLE = Automatic;
				CURRENT_PROJECT_VERSION = 4;
				DEVELOPMENT_TEAM = 4D398WLJVB;
				GENERATE_INFOPLIST_FILE = YES;
				INFOPLIST_FILE = ProdeGolf/Info.plist;
				INFOPLIST_KEY_UIApplicationSupportsIndirectInputEvents = YES;
				INFOPLIST_KEY_UILaunchStoryboardName = LaunchScreen;
				INFOPLIST_KEY_UIMainStoryboardFile = Main;
				INFOPLIST_KEY_UISupportedInterfaceOrientations = UIInterfaceOrientationPortrait;
				INFOPLIST_KEY_UISupportedInterfaceOrientations_iPad = "UIInterfaceOrientationLandscapeLeft UIInterfaceOrientationLandscapeRight UIInterfaceOrientationPortrait UIInterfaceOrientationPortraitUpsideDown";
				LD_RUNPATH_SEARCH_PATHS = (
					"$(inherited)",
					"@executable_path/Frameworks",
				);
				MARKETING_VERSION = 1.0;
				PRODUCT_BUNDLE_IDENTIFIER = com.manuelolmosgil.ProdeGolf;
				PRODUCT_NAME = "$(TARGET_NAME)";
				SWIFT_EMIT_LOC_STRINGS = YES;
				SWIFT_VERSION = 5.0;
				TARGETED_DEVICE_FAMILY = "1,2";
			};
			name = Debug;
		};
		AFB290E029D90EE5004C66D7 /* Release */ = {
			isa = XCBuildConfiguration;
			buildSettings = {
				ASSETCATALOG_COMPILER_APPICON_NAME = AppIcon;
				ASSETCATALOG_COMPILER_GLOBAL_ACCENT_COLOR_NAME = AccentColor;
				CODE_SIGN_STYLE = Automatic;
				CURRENT_PROJECT_VERSION = 4;
				DEVELOPMENT_TEAM = 4D398WLJVB;
				GENERATE_INFOPLIST_FILE = YES;
				INFOPLIST_FILE = ProdeGolf/Info.plist;
				INFOPLIST_KEY_UIApplicationSupportsIndirectInputEvents = YES;
				INFOPLIST_KEY_UILaunchStoryboardName = LaunchScreen;
				INFOPLIST_KEY_UIMainStoryboardFile = Main;
				INFOPLIST_KEY_UISupportedInterfaceOrientations = UIInterfaceOrientationPortrait;
				INFOPLIST_KEY_UISupportedInterfaceOrientations_iPad = "UIInterfaceOrientationLandscapeLeft UIInterfaceOrientationLandscapeRight UIInterfaceOrientationPortrait UIInterfaceOrientationPortraitUpsideDown";
				LD_RUNPATH_SEARCH_PATHS = (
					"$(inherited)",
					"@executable_path/Frameworks",
				);
				MARKETING_VERSION = 1.0;
				PRODUCT_BUNDLE_IDENTIFIER = com.manuelolmosgil.ProdeGolf;
				PRODUCT_NAME = "$(TARGET_NAME)";
				SWIFT_EMIT_LOC_STRINGS = YES;
				SWIFT_VERSION = 5.0;
				TARGETED_DEVICE_FAMILY = "1,2";
			};
			name = Release;
		};
/* End XCBuildConfiguration section */

/* Begin XCConfigurationList section */
		AFB290C529D90EE4004C66D7 /* Build configuration list for PBXProject "ProdeGolf" */ = {
			isa = XCConfigurationList;
			buildConfigurations = (
				AFB290DC29D90EE5004C66D7 /* Debug */,
				AFB290DD29D90EE5004C66D7 /* Release */,
			);
			defaultConfigurationIsVisible = 0;
			defaultConfigurationName = Release;
		};
		AFB290DE29D90EE5004C66D7 /* Build configuration list for PBXNativeTarget "ProdeGolf" */ = {
			isa = XCConfigurationList;
			buildConfigurations = (
				AFB290DF29D90EE5004C66D7 /* Debug */,
				AFB290E029D90EE5004C66D7 /* Release */,
			);
			defaultConfigurationIsVisible = 0;
			defaultConfigurationName = Release;
		};
/* End XCConfigurationList section */
	};
	rootObject = AFB290C229D90EE4004C66D7 /* Project object */;
}
